
Microsoft Visual Studio Solution File, Format Version 12.00
# Visual Studio for Mac
Project("{FAE04EC0-301F-11D3-BF4B-00C04F79EFBC}") = "Assembly-CSharp", "Assembly-CSharp.csproj", "{9A3E8E3B-CE29-CAC3-D587-D1EBF384EF2A}"
EndProject
Project("{FAE04EC0-301F-11D3-BF4B-00C04F79EFBC}") = "MacBLAS", "MacBLAS.csproj", "{B8B977ED-217C-C5A9-F2D5-6434961F5EBD}"
EndProject
Project("{FAE04EC0-301F-11D3-BF4B-00C04F79EFBC}") = "iOSBLAS", "iOSBLAS.csproj", "{8C705D15-1509-0B54-D187-B6C221FBAADF}"
EndProject
Project("{FAE04EC0-301F-11D3-BF4B-00C04F79EFBC}") = "Assembly-CSharp-Editor", "Assembly-CSharp-Editor.csproj", "{627FF433-7CCB-9EAC-D0FF-FCBBA9D0BD6B}"
EndProject
Project("{FAE04EC0-301F-11D3-BF4B-00C04F79EFBC}") = "Barracuda-editor", "Barracuda-editor.csproj", "{47EF6673-7069-65B7-0586-E03D61E1110D}"
EndProject
Global
	GlobalSection(SolutionConfigurationPlatforms) = preSolution
		Debug|Any CPU = Debug|Any CPU
		Release|Any CPU = Release|Any CPU
	EndGlobalSection
	GlobalSection(ProjectConfigurationPlatforms) = postSolution
		{9A3E8E3B-CE29-CAC3-D587-D1EBF384EF2A}.Debug|Any CPU.ActiveCfg = Debug|Any CPU
		{9A3E8E3B-CE29-CAC3-D587-D1EBF384EF2A}.Debug|Any CPU.Build.0 = Debug|Any CPU
		{9A3E8E3B-CE29-CAC3-D587-D1EBF384EF2A}.Release|Any CPU.ActiveCfg = Release|Any CPU
		{9A3E8E3B-CE29-CAC3-D587-D1EBF384EF2A}.Release|Any CPU.Build.0 = Release|Any CPU
		{B8B977ED-217C-C5A9-F2D5-6434961F5EBD}.Debug|Any CPU.ActiveCfg = Debug|Any CPU
		{B8B977ED-217C-C5A9-F2D5-6434961F5EBD}.Debug|Any CPU.Build.0 = Debug|Any CPU
		{B8B977ED-217C-C5A9-F2D5-6434961F5EBD}.Release|Any CPU.ActiveCfg = Release|Any CPU
		{B8B977ED-217C-C5A9-F2D5-6434961F5EBD}.Release|Any CPU.Build.0 = Release|Any CPU
		{8C705D15-1509-0B54-D187-B6C221FBAADF}.Debug|Any CPU.ActiveCfg = Debug|Any CPU
		{8C705D15-1509-0B54-D187-B6C221FBAADF}.Debug|Any CPU.Build.0 = Debug|Any CPU
		{8C705D15-1509-0B54-D187-B6C221FBAADF}.Release|Any CPU.ActiveCfg = Release|Any CPU
		{8C705D15-1509-0B54-D187-B6C221FBAADF}.Release|Any CPU.Build.0 = Release|Any CPU
		{627FF433-7CCB-9EAC-D0FF-FCBBA9D0BD6B}.Debug|Any CPU.ActiveCfg = Debug|Any CPU
		{627FF433-7CCB-9EAC-D0FF-FCBBA9D0BD6B}.Debug|Any CPU.Build.0 = Debug|Any CPU
		{627FF433-7CCB-9EAC-D0FF-FCBBA9D0BD6B}.Release|Any CPU.ActiveCfg = Release|Any CPU
		{627FF433-7CCB-9EAC-D0FF-FCBBA9D0BD6B}.Release|Any CPU.Build.0 = Release|Any CPU
		{47EF6673-7069-65B7-0586-E03D61E1110D}.Debug|Any CPU.ActiveCfg = Debug|Any CPU
		{47EF6673-7069-65B7-0586-E03D61E1110D}.Debug|Any CPU.Build.0 = Debug|Any CPU
		{47EF6673-7069-65B7-0586-E03D61E1110D}.Release|Any CPU.ActiveCfg = Release|Any CPU
		{47EF6673-7069-65B7-0586-E03D61E1110D}.Release|Any CPU.Build.0 = Release|Any CPU
	EndGlobalSection
	GlobalSection(SolutionProperties) = preSolution
		HideSolutionNode = FALSE
	EndGlobalSection
EndGlobal
